
Microsoft Visual Studio Solution File, Format Version 12.00
# Visual Studio Version 16
VisualStudioVersion = 16.0.29123.89
MinimumVisualStudioVersion = 10.0.40219.1
Project("{FAE04EC0-301F-11D3-BF4B-00C04F79EFBC}") = "MvcMovies", "MvcMovies\MvcMovies.csproj", "{80F0C103-3B2D-43BF-9801-298494BC21CF}"
EndProject
Global
	GlobalSection(SolutionConfigurationPlatforms) = preSolution
		Debug|Any CPU = Debug|Any CPU
		Release|Any CPU = Release|Any CPU
	EndGlobalSection
	GlobalSection(ProjectConfigurationPlatforms) = postSolution
		{80F0C103-3B2D-43BF-9801-298494BC21CF}.Debug|Any CPU.ActiveCfg = Debug|Any CPU
		{80F0C103-3B2D-43BF-9801-298494BC21CF}.Debug|Any CPU.Build.0 = Debug|Any CPU
		{80F0C103-3B2D-43BF-9801-298494BC21CF}.Release|Any CPU.ActiveCfg = Release|Any CPU
		{80F0C103-3B2D-43BF-9801-298494BC21CF}.Release|Any CPU.Build.0 = Release|Any CPU
	EndGlobalSection
	GlobalSection(SolutionProperties) = preSolution
		HideSolutionNode = FALSE
	EndGlobalSection
	GlobalSection(ExtensibilityGlobals) = postSolution
		SolutionGuid = {4720A1B8-046A-4922-8F47-13CE8899F9F8}
	EndGlobalSection
EndGlobal
